<?xml version="1.0" encoding="utf-8"?>
<Project ToolsVersion="18.0" xmlns="http://schemas.microsoft.com/developer/msbuild/2003">
  <ItemGroup>
    <ClCompile Include="C:\InformeCliente\backend\src\main.cpp">
      <Filter>Source Files</Filter>
    </ClCompile>
    <ClCompile Include="C:\InformeCliente\backend\src\map_geo_intersect.cpp">
      <Filter>Source Files</Filter>
    </ClCompile>
    <ClCompile Include="C:\InformeCliente\backend\src\text_spell_service.cpp">
      <Filter>Source Files</Filter>
    </ClCompile>
    <ClCompile Include="C:\InformeCliente\backend\src\onnx_cartoon_stub.cpp">
      <Filter>Source Files</Filter>
    </ClCompile>
  </ItemGroup>
  <ItemGroup>
    <CustomBuild Include="C:\InformeCliente\backend\CMakeLists.txt" />
  </ItemGroup>
  <ItemGroup>
    <Natvis Include="C:\InformeCliente\tmp\vcpkg\installed\x64-windows\share\boost-1.90.0\assert\boost_assert.natvis" />
  </ItemGroup>
  <ItemGroup>
    <Filter Include="Source Files">
      <UniqueIdentifier>{DA68CDF8-21E3-311E-AE35-7231835D2063}</UniqueIdentifier>
    </Filter>
  </ItemGroup>
</Project>
