<?xml version="1.0" encoding="utf-8"?>
<Project ToolsVersion="18.0" xmlns="http://schemas.microsoft.com/developer/msbuild/2003">
  <ItemGroup>
    <CustomBuild Include="C:\InformeCliente\backend\build-vcpkg\CMakeFiles\033f52aa87d5b860d0525b2770cdf9e0\generate.stamp.rule">
      <Filter>CMake Rules</Filter>
    </CustomBuild>
  </ItemGroup>
  <ItemGroup>
    <Filter Include="CMake Rules">
      <UniqueIdentifier>{3DC0C274-5B94-3C9E-B573-769E6464B8A9}</UniqueIdentifier>
    </Filter>
  </ItemGroup>
</Project>
